{
  "lockfileVersion": 1,
  "configVersion": 1,
  "workspaces": {
    "": {
      "name": "@nanoexpress/middlewares",
      "devDependencies": {
        "@biomejs/biome": "^2.5.15",
        "@commitlint/cli": "^20.5.0",
        "@commitlint/config-workspace-scopes": "^21.2.0",
        "@ls-lint/ls-lint": "^2.3.1",
        "lefthook": "^2.1.15",
        "oxlint": "^1.86.0",
        "release-me-sh": "^0.12.0",
        "rumdl": "^0.2.78",
        "typescript": "^7.0.2",
      },
    },
    "packages/body-parser": {
      "name": "@nanoexpress/middleware-body-parser",
      "version": "2.0.0",
      "dependencies": {
        "fast-query-parse": "^2.0.3",
      },
    },
    "packages/file-upload": {
      "name": "@nanoexpress/middleware-file-upload",
      "version": "1.0.0",
      "dependencies": {
        "uWebSockets.js": "https://github.com/uNetworking/uWebSockets.js/archive/v19.5.0.tar.gz",
      },
    },
    "packages/formidable": {
      "name": "@nanoexpress/middleware-formidable",
      "version": "1.0.0",
      "dependencies": {
        "@types/formidable": "^2.0.5",
        "formidable": "^3.5.4",
      },
    },
    "packages/graphql": {
      "name": "@nanoexpress/middleware-graphql",
      "version": "1.0.0",
      "dependencies": {
        "graphql": "^16.6.0",
        "graphql-jit": "^0.8.0",
      },
    },
    "packages/passport": {
      "name": "@nanoexpress/middleware-passport",
      "version": "1.0.0",
      "dependencies": {
        "passport": "^0.6.0",
      },
    },
    "packages/redoc": {
      "name": "@nanoexpress/middleware-redoc",
      "version": "1.0.0",
    },
    "packages/schemator": {
      "name": "@nanoexpress/middleware-schemator",
      "version": "1.0.0",
      "dependencies": {
        "@nanoexpress/middleware-static-serve": "^1.0.3",
        "ajv": "^8.12.0",
        "ajv-formats": "^2.1.1",
        "fast-json-stringify": "^7.0.1",
        "getdirname": "^0.1.5",
        "js-yaml": "^4.1.0",
        "lodash.omit": "^4.5.0",
        "swagger-ui-dist": "^4.17.0",
      },
    },
    "packages/static": {
      "name": "@nanoexpress/middleware-static-serve",
      "version": "1.0.0",
    },
    "packages/swagger-ui": {
      "name": "@nanoexpress/middleware-swagger-ui",
      "version": "1.0.0",
      "dependencies": {
        "swagger-ui-dist": "^4.17.0",
      },
    },
  },
  "packages": {
    "@babel/code-frame": ["@babel/code-frame@7.29.0", "", { "dependencies": { "@babel/helper-validator-identifier": "^7.28.5", "js-tokens": "^4.0.0", "picocolors": "^1.1.1" } }, "sha512-9NhCeYjq9+3uxgdtp20LSiJXJvN0FeCtNGpJxuMFZ1Kv3cWUNb6DOhJwUvcVCzKGR66cw4njwM6hrJLqgOwbcw=="],

    "@babel/helper-validator-identifier": ["@babel/helper-validator-identifier@7.28.5", "", {}, "sha512-qSs4ifwzKJSV39ucNjsvc6WVHs6b7S03sOh2OcHF9UHfVPqWWALUsNUVzhSBiItjRZoLHx7nIarVjqKVusUZ1Q=="],

    "@biomejs/biome": ["@biomejs/biome@2.5.15", "", { "optionalDependencies": { "@biomejs/cli-darwin-arm64": "2.5.15", "@biomejs/cli-darwin-x64": "2.5.15", "@biomejs/cli-linux-arm64": "2.5.15", "@biomejs/cli-linux-arm64-musl": "2.5.15", "@biomejs/cli-linux-x64": "2.5.15", "@biomejs/cli-linux-x64-musl": "2.5.15", "@biomejs/cli-win32-arm64": "2.5.15", "@biomejs/cli-win32-x64": "2.5.15" }, "bin": { "biome": "bin/biome" } }, "sha512-WZTW4slm/pdkh92K6t/3aEN++44JD1PQ7squ7RCMLI1flHGl43DVOIGXvCjHiZgBMO1V4uYxoFNtqrIA4qGuIQ=="],

    "@biomejs/cli-darwin-arm64": ["@biomejs/cli-darwin-arm64@2.5.15", "", { "os": "darwin", "cpu": "arm64" }, "sha512-BZVzFhJ/mUvTLMYbc9x6el0o2Uv5zP7bACYyhFb6fSc1giroXm7PL0a5KqMJ9F+/BnkYRjagD/ROSDVOZ6eapg=="],

    "@biomejs/cli-darwin-x64": ["@biomejs/cli-darwin-x64@2.5.15", "", { "os": "darwin", "cpu": "x64" }, "sha512-V5Kw63V+fVGNFhFrizDxMbGXAzZCh8kYzJpy3GI6gTapWDg7bZK9oYC9CbVgQSEdTnupz0U5Efz8Ev+5vdBBXw=="],

    "@biomejs/cli-linux-arm64": ["@biomejs/cli-linux-arm64@2.5.15", "", { "os": "linux", "cpu": "arm64" }, "sha512-XaG7P7eeSLYETD3K9grfB0mQmpLQZjygdbsxekWBJAg4am79fGAtRpfRyNnTvXB2fZFNnJZG3nXm7HBat0+VUw=="],

    "@biomejs/cli-linux-arm64-musl": ["@biomejs/cli-linux-arm64-musl@2.5.15", "", { "os": "linux", "cpu": "arm64" }, "sha512-tGzZUTcJCV7tj5Adh/Gn6nR4MycqA3iohq2LEcrarAgRBkU0h0OKd2UzCRkOsOYOuUGaUJb4YmqRqyy2feGGSw=="],

    "@biomejs/cli-linux-x64": ["@biomejs/cli-linux-x64@2.5.15", "", { "os": "linux", "cpu": "x64" }, "sha512-xE4iEW/3LqlYj9GFgGrFsFSH51dEEpUbYWBfeOv0q87WkUDxK2o/HhreSb7qMJqck70RVM6Lg96hgedcAYcOkA=="],

    "@biomejs/cli-linux-x64-musl": ["@biomejs/cli-linux-x64-musl@2.5.15", "", { "os": "linux", "cpu": "x64" }, "sha512-IlxUcyxilVGPsE008x13pWdkTbU3nQpP2i9b5UrbOYj6goBkKsRX1XB7yJLcV+O1H9LBchIIm4adOaVLZBX0ZQ=="],

    "@biomejs/cli-win32-arm64": ["@biomejs/cli-win32-arm64@2.5.15", "", { "os": "win32", "cpu": "arm64" }, "sha512-2kPKzhNlm8C+Ru3GcO0Me2ODkCBLrVOUNuyi84RJyWDVKAA4+Kjj3jMjL938lF6BRfvltC4vB2nPY9SvN51Ovg=="],

    "@biomejs/cli-win32-x64": ["@biomejs/cli-win32-x64@2.5.15", "", { "os": "win32", "cpu": "x64" }, "sha512-yAzh4UqEImV6Hcy0zjUqNfJAsUhoD64FBQCdTG8Md/Z2wQeVP/ZmJ3XRYAs1g8J9fjTFyl2fCtc5FB5til47+g=="],

    "@commitlint/cli": ["@commitlint/cli@20.5.0", "", { "dependencies": { "@commitlint/format": "^20.5.0", "@commitlint/lint": "^20.5.0", "@commitlint/load": "^20.5.0", "@commitlint/read": "^20.5.0", "@commitlint/types": "^20.5.0", "tinyexec": "^1.0.0", "yargs": "^17.0.0" }, "bin": { "commitlint": "./cli.js" } }, "sha512-yNkyN/tuKTJS3wdVfsZ2tXDM4G4Gi7z+jW54Cki8N8tZqwKBltbIvUUrSbT4hz1bhW/h0CdR+5sCSpXD+wMKaQ=="],

    "@commitlint/config-validator": ["@commitlint/config-validator@20.5.0", "", { "dependencies": { "@commitlint/types": "^20.5.0", "ajv": "^8.11.0" } }, "sha512-T/Uh6iJUzyx7j35GmHWdIiGRQB+ouZDk0pwAaYq4SXgB54KZhFdJ0vYmxiW6AMYICTIWuyMxDBl1jK74oFp/Gw=="],

    "@commitlint/config-workspace-scopes": ["@commitlint/config-workspace-scopes@21.2.0", "", {}, "sha512-WBUoQkNzvBgvgceluQ8kC+UqHkGaVmGaK0bKN3Cx9yN+H+v8KHuGlRpyn+BIIb6Df5RJkDEjXmRaxx0OYPGMbg=="],

    "@commitlint/ensure": ["@commitlint/ensure@20.5.0", "", { "dependencies": { "@commitlint/types": "^20.5.0", "lodash.camelcase": "^4.3.0", "lodash.kebabcase": "^4.1.1", "lodash.snakecase": "^4.1.1", "lodash.startcase": "^4.4.0", "lodash.upperfirst": "^4.3.1" } }, "sha512-IpHqAUesBeW1EDDdjzJeaOxU9tnogLAyXLRBn03SHlj1SGENn2JGZqSWGkFvBJkJzfXAuCNtsoYzax+ZPS+puw=="],

    "@commitlint/execute-rule": ["@commitlint/execute-rule@20.0.0", "", {}, "sha512-xyCoOShoPuPL44gVa+5EdZsBVao/pNzpQhkzq3RdtlFdKZtjWcLlUFQHSWBuhk5utKYykeJPSz2i8ABHQA+ZZw=="],

    "@commitlint/format": ["@commitlint/format@20.5.0", "", { "dependencies": { "@commitlint/types": "^20.5.0", "picocolors": "^1.1.1" } }, "sha512-TI9EwFU/qZWSK7a5qyXMpKPPv3qta7FO4tKW+Wt2al7sgMbLWTsAcDpX1cU8k16TRdsiiet9aOw0zpvRXNJu7Q=="],

    "@commitlint/is-ignored": ["@commitlint/is-ignored@20.5.0", "", { "dependencies": { "@commitlint/types": "^20.5.0", "semver": "^7.6.0" } }, "sha512-JWLarAsurHJhPozbuAH6GbP4p/hdOCoqS9zJMfqwswne+/GPs5V0+rrsfOkP68Y8PSLphwtFXV0EzJ+GTXTTGg=="],

    "@commitlint/lint": ["@commitlint/lint@20.5.0", "", { "dependencies": { "@commitlint/is-ignored": "^20.5.0", "@commitlint/parse": "^20.5.0", "@commitlint/rules": "^20.5.0", "@commitlint/types": "^20.5.0" } }, "sha512-jiM3hNUdu04jFBf1VgPdjtIPvbuVfDTBAc6L98AWcoLjF5sYqkulBHBzlVWll4rMF1T5zeQFB6r//a+s+BBKlA=="],

    "@commitlint/load": ["@commitlint/load@20.5.0", "", { "dependencies": { "@commitlint/config-validator": "^20.5.0", "@commitlint/execute-rule": "^20.0.0", "@commitlint/resolve-extends": "^20.5.0", "@commitlint/types": "^20.5.0", "cosmiconfig": "^9.0.1", "cosmiconfig-typescript-loader": "^6.1.0", "is-plain-obj": "^4.1.0", "lodash.mergewith": "^4.6.2", "picocolors": "^1.1.1" } }, "sha512-sLhhYTL/KxeOTZjjabKDhwidGZan84XKK1+XFkwDYL/4883kIajcz/dZFAhBJmZPtL8+nBx6bnkzA95YxPeDPw=="],

    "@commitlint/message": ["@commitlint/message@20.4.3", "", {}, "sha512-6akwCYrzcrFcTYz9GyUaWlhisY4lmQ3KvrnabmhoeAV8nRH4dXJAh4+EUQ3uArtxxKQkvxJS78hNX2EU3USgxQ=="],

    "@commitlint/parse": ["@commitlint/parse@20.5.0", "", { "dependencies": { "@commitlint/types": "^20.5.0", "conventional-changelog-angular": "^8.2.0", "conventional-commits-parser": "^6.3.0" } }, "sha512-SeKWHBMk7YOTnnEWUhx+d1a9vHsjjuo6Uo1xRfPNfeY4bdYFasCH1dDpAv13Lyn+dDPOels+jP6D2GRZqzc5fA=="],

    "@commitlint/read": ["@commitlint/read@20.5.0", "", { "dependencies": { "@commitlint/top-level": "^20.4.3", "@commitlint/types": "^20.5.0", "git-raw-commits": "^5.0.0", "minimist": "^1.2.8", "tinyexec": "^1.0.0" } }, "sha512-JDEIJ2+GnWpK8QqwfmW7O42h0aycJEWNqcdkJnyzLD11nf9dW2dWLTVEa8Wtlo4IZFGLPATjR5neA5QlOvIH1w=="],

    "@commitlint/resolve-extends": ["@commitlint/resolve-extends@20.5.0", "", { "dependencies": { "@commitlint/config-validator": "^20.5.0", "@commitlint/types": "^20.5.0", "global-directory": "^4.0.1", "import-meta-resolve": "^4.0.0", "lodash.mergewith": "^4.6.2", "resolve-from": "^5.0.0" } }, "sha512-3SHPWUW2v0tyspCTcfSsYml0gses92l6TlogwzvM2cbxDgmhSRc+fldDjvGkCXJrjSM87BBaWYTPWwwyASZRrg=="],

    "@commitlint/rules": ["@commitlint/rules@20.5.0", "", { "dependencies": { "@commitlint/ensure": "^20.5.0", "@commitlint/message": "^20.4.3", "@commitlint/to-lines": "^20.0.0", "@commitlint/types": "^20.5.0" } }, "sha512-5NdQXQEdnDPT5pK8O39ZA7HohzPRHEsDGU23cyVCNPQy4WegAbAwrQk3nIu7p2sl3dutPk8RZd91yKTrMTnRkQ=="],

    "@commitlint/to-lines": ["@commitlint/to-lines@20.0.0", "", {}, "sha512-2l9gmwiCRqZNWgV+pX1X7z4yP0b3ex/86UmUFgoRt672Ez6cAM2lOQeHFRUTuE6sPpi8XBCGnd8Kh3bMoyHwJw=="],

    "@commitlint/top-level": ["@commitlint/top-level@20.4.3", "", { "dependencies": { "escalade": "^3.2.0" } }, "sha512-qD9xfP6dFg5jQ3NMrOhG0/w5y3bBUsVGyJvXxdWEwBm8hyx4WOk3kKXw28T5czBYvyeCVJgJJ6aoJZUWDpaacQ=="],

    "@commitlint/types": ["@commitlint/types@20.5.0", "", { "dependencies": { "conventional-commits-parser": "^6.3.0", "picocolors": "^1.1.1" } }, "sha512-ZJoS8oSq2CAZEpc/YI9SulLrdiIyXeHb/OGqGrkUP6Q7YV+0ouNAa7GjqRdXeQPncHQIDz/jbCTlHScvYvO/gA=="],

    "@conventional-changelog/git-client": ["@conventional-changelog/git-client@2.6.0", "", { "dependencies": { "@simple-libs/child-process-utils": "^1.0.0", "@simple-libs/stream-utils": "^1.2.0", "semver": "^7.5.2" }, "peerDependencies": { "conventional-commits-filter": "^5.0.0", "conventional-commits-parser": "^6.3.0" }, "optionalPeers": ["conventional-commits-filter", "conventional-commits-parser"] }, "sha512-T+uPDciKf0/ioNNDpMGc8FDsehJClZP0yR3Q5MN6wE/Y/1QZ7F+80OgznnTCOlMEG4AV0LvH2UJi3C/nBnaBUg=="],

    "@fastify/merge-json-schemas": ["@fastify/merge-json-schemas@0.2.1", "", { "dependencies": { "dequal": "^2.0.3" } }, "sha512-OA3KGBCy6KtIvLf8DINC5880o5iBlDX4SxzLQS8HorJAbqluzLRn80UXU0bxZn7UOFhFgpRJDasfwn9nG4FG4A=="],

    "@graphql-typed-document-node/core": ["@graphql-typed-document-node/core@3.2.0", "", { "peerDependencies": { "graphql": "^0.8.0 || ^0.9.0 || ^0.10.0 || ^0.11.0 || ^0.12.0 || ^0.13.0 || ^14.0.0 || ^15.0.0 || ^16.0.0 || ^17.0.0" } }, "sha512-mB9oAsNCm9aM3/SOv4YtBMqZbYj10R7dkq8byBqxGY/ncFwhf2oQzMV+LCRlWoDSEBJ3COiR1yeDvMtsoOsuFQ=="],

    "@ls-lint/ls-lint": ["@ls-lint/ls-lint@2.3.1", "", { "os": [ "linux", "win32", "darwin", ], "cpu": [ "x64", "arm64", "s390x", ], "bin": { "ls-lint": "bin/cli.js" } }, "sha512-vPe6IDByQnQRTxcAYjTxrmga/tSIui50VBFTB5KIJWY3OOFmxE2VtymjeSEfQfiMbhZV/ZPAqYy2lt8pZFQ0Rw=="],

    "@nanoexpress/middleware-body-parser": ["@nanoexpress/middleware-body-parser@workspace:packages/body-parser"],

    "@nanoexpress/middleware-file-upload": ["@nanoexpress/middleware-file-upload@workspace:packages/file-upload"],

    "@nanoexpress/middleware-formidable": ["@nanoexpress/middleware-formidable@workspace:packages/formidable"],

    "@nanoexpress/middleware-graphql": ["@nanoexpress/middleware-graphql@workspace:packages/graphql"],

    "@nanoexpress/middleware-passport": ["@nanoexpress/middleware-passport@workspace:packages/passport"],

    "@nanoexpress/middleware-redoc": ["@nanoexpress/middleware-redoc@workspace:packages/redoc"],

    "@nanoexpress/middleware-schemator": ["@nanoexpress/middleware-schemator@workspace:packages/schemator"],

    "@nanoexpress/middleware-static-serve": ["@nanoexpress/middleware-static-serve@workspace:packages/static"],

    "@nanoexpress/middleware-swagger-ui": ["@nanoexpress/middleware-swagger-ui@workspace:packages/swagger-ui"],

    "@noble/hashes": ["@noble/hashes@1.8.0", "", {}, "sha512-jCs9ldd7NwzpgXDIf6P3+NrHh9/sD6CQdxHyjQI+h/6rDNo88ypBxxz45UDuZHz9r3tNz7N/VInSVoVdtXEI4A=="],

    "@oxlint/binding-android-arm-eabi": ["@oxlint/binding-android-arm-eabi@1.86.0", "", { "os": "android", "cpu": "arm" }, "sha512-63Ozq6yQn79B2UxjSZ9huJmI+3/ZPI7hxAe6TyFh9oQL447KnIMoffOdtog+h4KILbQr61ZRvFPW5gYbAUgpgQ=="],

    "@oxlint/binding-android-arm64": ["@oxlint/binding-android-arm64@1.86.0", "", { "os": "android", "cpu": "arm64" }, "sha512-JdLGp44phbf/0Du236Dt06yfK6Qw8xhTFeDvHJdjk167r59OfP5+BL31mgMYVnswS8e+j6tFuccSY0QDC/lgCw=="],

    "@oxlint/binding-darwin-arm64": ["@oxlint/binding-darwin-arm64@1.86.0", "", { "os": "darwin", "cpu": "arm64" }, "sha512-h+vkOr4ik6KLFCXdtNVEj9xfnXfNUpPoF95QjORdhiSpLqQePzcN81kGHjAgsw1/G7WBWK5KsFKbI2UK8EyzMA=="],

    "@oxlint/binding-darwin-x64": ["@oxlint/binding-darwin-x64@1.86.0", "", { "os": "darwin", "cpu": "x64" }, "sha512-wbglRuH5eKsp68keTOOeKDHU1astWSRYFsh2bwKQTAPb44rD6kVgzYI1ZrAJRTc6/7PH55ZXFCQx0rQXrj0UdA=="],

    "@oxlint/binding-freebsd-x64": ["@oxlint/binding-freebsd-x64@1.86.0", "", { "os": "freebsd", "cpu": "x64" }, "sha512-yTQ7QSOlNfQsrfbeVweTiegQJLKPjUKgXp/JpGiFzza6Hp29S9LAoH77TM3L0RjK39iQRZB5lk5iq2t241Mfag=="],

    "@oxlint/binding-linux-arm-gnueabihf": ["@oxlint/binding-linux-arm-gnueabihf@1.86.0", "", { "os": "linux", "cpu": "arm" }, "sha512-QYJGy0E2Tv8GAayyBIeHFTwQb8u+zrvrOYrifuDGZDr9ad5XsDhiMScpZymhS9fwWjqrgG2ZUwT4vpY0ISqp4Q=="],

    "@oxlint/binding-linux-arm-musleabihf": ["@oxlint/binding-linux-arm-musleabihf@1.86.0", "", { "os": "linux", "cpu": "arm" }, "sha512-oQo83CafLT8p3qh0AGkN0tSUIh5Hm63mfDsoqUmBQUBnSZLNBAbyRaAftfGY5a0cKZ34dG6jAtMYgcY5kZqt5g=="],

    "@oxlint/binding-linux-arm64-gnu": ["@oxlint/binding-linux-arm64-gnu@1.86.0", "", { "os": "linux", "cpu": "arm64" }, "sha512-EM6wy5c2UM12qPb7iDJDBAZvHyfEJGH6iosFgaFiaRZpirz99//EHcUyD2KAskz07x1TULuiAtsojf4nvWWksw=="],

    "@oxlint/binding-linux-arm64-musl": ["@oxlint/binding-linux-arm64-musl@1.86.0", "", { "os": "linux", "cpu": "arm64" }, "sha512-vCiUQb9ZNzZalxYRU4mlZwUqT5f+c7Sk9DwUOplWHtik3Dl4r3DVnUB5tBeRuTAUe6MUVCTylNW7TkkN8J1oTw=="],

    "@oxlint/binding-linux-ppc64-gnu": ["@oxlint/binding-linux-ppc64-gnu@1.86.0", "", { "os": "linux", "cpu": "ppc64" }, "sha512-T0AzE89yjTYmOhB/hb6i+rWTpe2mYt+xiguBhs9DEPIJTZ1H8OYqsE4VxJHHw2Wlq8Mztwvp2P8NV87ZOuhPRw=="],

    "@oxlint/binding-linux-riscv64-gnu": ["@oxlint/binding-linux-riscv64-gnu@1.86.0", "", { "os": "linux", "cpu": "none" }, "sha512-s49r0K2f5Oc7fJoMUO1WkdhYK5Ob79uYRwWQ/XNoGysaOq3RUGmGUbHSuXiyydTTA+P9xEdDEnnlZVXiaSJhlw=="],

    "@oxlint/binding-linux-riscv64-musl": ["@oxlint/binding-linux-riscv64-musl@1.86.0", "", { "os": "linux", "cpu": "none" }, "sha512-JIa2tYR8ayb3nvcMSZzn4O/xTy13S7MHllu7cBD+B5qDQXXSRy/Vwk1aNpiTjZmBJGwKCHOy/NvnY5Xcwg27uQ=="],

    "@oxlint/binding-linux-s390x-gnu": ["@oxlint/binding-linux-s390x-gnu@1.86.0", "", { "os": "linux", "cpu": "s390x" }, "sha512-XwXMyBsAuWZkhZU74UNcfQKr1CJJAKnS80dZzOnjl6A4fKcf91IjFgidegQugMHA5SN8ulwDXEDV1yPntjXgQQ=="],

    "@oxlint/binding-linux-x64-gnu": ["@oxlint/binding-linux-x64-gnu@1.86.0", "", { "os": "linux", "cpu": "x64" }, "sha512-C1WjukSyMnr66b+w1/tV8RFVv6d9v0MzDf4p9IxVXknqgmTHBgZh1pccN1eHzFr0b9Tbb3OXoPsAAdAuHAQfeA=="],

    "@oxlint/binding-linux-x64-musl": ["@oxlint/binding-linux-x64-musl@1.86.0", "", { "os": "linux", "cpu": "x64" }, "sha512-ap6KLmvC38c6MdYzsIh25cXQupqYvjd37tMNftzrX1DCtkX1Gcf2B+S2B17dD4lKa5c5gJog7DQJyDo82PBKyw=="],

    "@oxlint/binding-openharmony-arm64": ["@oxlint/binding-openharmony-arm64@1.86.0", "", { "os": "none", "cpu": "arm64" }, "sha512-996Q9w/2GLwNyy5Djs39Jt09aFlr4b7TPhoj7dvo5FHmcyiF68nPz73HNc5UAYKIYeK+M9JzPQ4Wg1r1dXvP6A=="],

    "@oxlint/binding-win32-arm64-msvc": ["@oxlint/binding-win32-arm64-msvc@1.86.0", "", { "os": "win32", "cpu": "arm64" }, "sha512-9uTCHYTknNkug5+46ViSoUMuOuGWK61D87QnblU6CXaWKJC630Z7dbls61vdHxya/cR2ycQZ6Mm6ckgF6Cag5g=="],

    "@oxlint/binding-win32-ia32-msvc": ["@oxlint/binding-win32-ia32-msvc@1.86.0", "", { "os": "win32", "cpu": "ia32" }, "sha512-a47ga7EKVfMU8rO0i1m3mGwfNRj3FhQyt1d/ukO/E9u1HHF3KpR3tyb3VhuJBGEVPF8uR4exSyHUyx7xbE+uxw=="],

    "@oxlint/binding-win32-x64-msvc": ["@oxlint/binding-win32-x64-msvc@1.86.0", "", { "os": "win32", "cpu": "x64" }, "sha512-az4dzifCRzES1crwu6pDFXzJTIanrdxXFL9TbiJWrx9LKcuacbR83aPvxDA1LKLNswi/RoqitC7Afcflhu3zBQ=="],

    "@paralleldrive/cuid2": ["@paralleldrive/cuid2@2.3.1", "", { "dependencies": { "@noble/hashes": "^1.1.5" } }, "sha512-XO7cAxhnTZl0Yggq6jOgjiOHhbgcO4NqFqwSmQpjK3b6TEE6Uj/jfSk6wzYyemh3+I0sHirKSetjQwn5cZktFw=="],

    "@rumdl/cli-darwin-arm64": ["@rumdl/cli-darwin-arm64@0.2.78", "", { "os": "darwin", "cpu": "arm64" }, "sha512-wuY7EL6Eda+2LyrOROr1OsenfxASDX/Zo8yel6HTmulhpUmjR1G4Bfr45KRii4pSr1e+WlGAgOejHY+AVT7suw=="],

    "@rumdl/cli-darwin-x64": ["@rumdl/cli-darwin-x64@0.2.78", "", { "os": "darwin", "cpu": "x64" }, "sha512-L1Zz8/0i0qwkncx3/SirHsTQDgqav4R91wp9EFVcp54mKxbpOejZm14/dCzJ0LRzypkBRNECmCYG4H86g6gTiA=="],

    "@rumdl/cli-linux-arm64": ["@rumdl/cli-linux-arm64@0.2.78", "", { "os": "linux", "cpu": "arm64" }, "sha512-j3r4Fe8+iydQSLUlko5apW4bvLITvD+Kqp848kZE7NzGhgKPRTlm9nFqrpQnZ2dBWjBCxa5Lj4b3O7BjdWRo1Q=="],

    "@rumdl/cli-linux-arm64-musl": ["@rumdl/cli-linux-arm64-musl@0.2.78", "", { "os": "linux", "cpu": "arm64" }, "sha512-1zRG9dOGiasBR4R8/qAoMzVRBjT9yeB8ysCoXemJHM5KiRJidw6NM336BOkAT4Ujj/FWgZcpCLE/iQBvtItnmw=="],

    "@rumdl/cli-linux-x64": ["@rumdl/cli-linux-x64@0.2.78", "", { "os": "linux", "cpu": "x64" }, "sha512-zkrnqmxV+/eBDVg98TDPW3ZSL8CfXjwm1QsOO/vEREa5cgbE03iUP1D/UJE3z4Rypv2GRcnRiOtgsuhhebOEgA=="],

    "@rumdl/cli-linux-x64-musl": ["@rumdl/cli-linux-x64-musl@0.2.78", "", { "os": "linux", "cpu": "x64" }, "sha512-E477aK9qrunFkE4XTNZLrfz5BU4KS+W13VnjTv5Qh8fdxlAVxlh6aWoYB7BzbzXQSEgNe/yi1u3r3EHcwgP+dw=="],

    "@rumdl/cli-win32-x64": ["@rumdl/cli-win32-x64@0.2.78", "", { "os": "win32", "cpu": "x64" }, "sha512-4DaBXu3tFVNc/2eflJADguC4Hf8ookxYh3ie7XsLFxYEJrfXeGqD1j1ZIVXg+dZDG22+R1VEwFT6JsCOG3ntWA=="],

    "@simple-libs/child-process-utils": ["@simple-libs/child-process-utils@1.0.2", "", { "dependencies": { "@simple-libs/stream-utils": "^1.2.0" } }, "sha512-/4R8QKnd/8agJynkNdJmNw2MBxuFTRcNFnE5Sg/G+jkSsV8/UBgULMzhizWWW42p8L5H7flImV2ATi79Ove2Tw=="],

    "@simple-libs/stream-utils": ["@simple-libs/stream-utils@1.2.0", "", {}, "sha512-KxXvfapcixpz6rVEB6HPjOUZT22yN6v0vI0urQSk1L8MlEWPDFCZkhw2xmkyoTGYeFw7tWTZd7e3lVzRZRN/EA=="],

    "@types/formidable": ["@types/formidable@2.0.6", "", { "dependencies": { "@types/node": "*" } }, "sha512-L4HcrA05IgQyNYJj6kItuIkXrInJvsXTPC5B1i64FggWKKqSL+4hgt7asiSNva75AoLQjq29oPxFfU4GAQ6Z2w=="],

    "@types/node": ["@types/node@25.5.2", "", { "dependencies": { "undici-types": "~7.18.0" } }, "sha512-tO4ZIRKNC+MDWV4qKVZe3Ql/woTnmHDr5JD8UI5hn2pwBrHEwOEMZK7WlNb5RKB6EoJ02gwmQS9OrjuFnZYdpg=="],

    "@typescript/typescript-aix-ppc64": ["@typescript/typescript-aix-ppc64@7.0.2", "", { "os": "aix", "cpu": "ppc64" }, "sha512-MTKKkWB7p/0E9xi1d1tHtZ5PiLkGEMIq88pK2CubZjOsLtYTLqhgIgi6zepFa+9GHZ6h05NMCkQxGKiPXMxXtQ=="],

    "@typescript/typescript-darwin-arm64": ["@typescript/typescript-darwin-arm64@7.0.2", "", { "os": "darwin", "cpu": "arm64" }, "sha512-gowzar9MwS/aRWp6f3a4KUqzRjAZjOsmGNCM6LcTgXum+dBfgsBVMN+AgvOCCbguXyick6LJhpBszxMebJ8syA=="],

    "@typescript/typescript-darwin-x64": ["@typescript/typescript-darwin-x64@7.0.2", "", { "os": "darwin", "cpu": "x64" }, "sha512-SZ9xZInqApNlNGc9s0W1VSsktYSOe9cFqNOIqmN1Gs8SmkjKZYFt017G4VwPxASInODuAdbTW7sXiFUf893RgA=="],

    "@typescript/typescript-freebsd-arm64": ["@typescript/typescript-freebsd-arm64@7.0.2", "", { "os": "freebsd", "cpu": "arm64" }, "sha512-W5NH4y/J0plIIS5b2xvTEkU7JFxyqdMAOgf+Ilhl0vHQXKO5dZoxd+C/jEtq56c4F3wk71RB4BMRQ2XdI+bwYQ=="],

    "@typescript/typescript-freebsd-x64": ["@typescript/typescript-freebsd-x64@7.0.2", "", { "os": "freebsd", "cpu": "x64" }, "sha512-UMGDx5sTpzNw3WiPebH7l90IWfJggEd+egHt/q6p7/Cm3zqoV7VxkGXt+3DxPIw8CcmvAB0j3sVVfbhX+M4Tpw=="],

    "@typescript/typescript-linux-arm": ["@typescript/typescript-linux-arm@7.0.2", "", { "os": "linux", "cpu": "arm" }, "sha512-gffT3xPz9sR7j/YJExkyPntrI0P2EP9XbOyWzth2/Gs0RstK+90RBcO0ncXoXy/beYll1SXw846Nf2zdnEz0QQ=="],

    "@typescript/typescript-linux-arm64": ["@typescript/typescript-linux-arm64@7.0.2", "", { "os": "linux", "cpu": "arm64" }, "sha512-Qh4eU4/y3yDjnfjjyPYihMj5/ODIlmt+Bzu17OI+fiSRDW57QmU5SiN63exPRNJPKUzcc1INa1NXdrJ+MqHjUQ=="],

    "@typescript/typescript-linux-loong64": ["@typescript/typescript-linux-loong64@7.0.2", "", { "os": "linux", "cpu": "none" }, "sha512-uEHck9i8hoAzXPiYRib1O7miOnz23SxIeVl6F4LXox+qov1K35jHcEW6VHKvZI+pyvl7fZEP4MCU5LYvIq1GuQ=="],

    "@typescript/typescript-linux-mips64el": ["@typescript/typescript-linux-mips64el@7.0.2", "", { "os": "linux", "cpu": "none" }, "sha512-R4KvAMnE43W5Qeqb0Ly56O3mWMWIAgsMyz36DCaycd5nbg/9kzm0liw3JocfRqyJY0KPmzFjbswozXyW0DnIYA=="],

    "@typescript/typescript-linux-ppc64": ["@typescript/typescript-linux-ppc64@7.0.2", "", { "os": "linux", "cpu": "ppc64" }, "sha512-DORx5b3sd/4S7eayxm4FQv+A7CrkUIGRaHiwI8oiHTAI1fAPWhF4J0vAlkC8biAlHSVVwxMQ3tjZ2/DVbnQiiA=="],

    "@typescript/typescript-linux-riscv64": ["@typescript/typescript-linux-riscv64@7.0.2", "", { "os": "linux", "cpu": "none" }, "sha512-wf0jqEDOjrPRnKwYRyyJDRo11KMbvMFrU+q4zqKyChODBzvlkbhNQfKvLxQCcwTpdDaXSHZTVuh0JoCrKCUMHQ=="],

    "@typescript/typescript-linux-s390x": ["@typescript/typescript-linux-s390x@7.0.2", "", { "os": "linux", "cpu": "s390x" }, "sha512-IkwJc3L7yhytWd/ewjyxNDfOmswCm9GWMJT/ue/dU4aZNbwZeYAetq42VyLmsmSjvoX7z74X6ZaYCtzAr0EuGw=="],

    "@typescript/typescript-linux-x64": ["@typescript/typescript-linux-x64@7.0.2", "", { "os": "linux", "cpu": "x64" }, "sha512-EYdf2cNg7rgCWJnxCdJ+F3V39O8ihb37eHAu1LK8oAFizgTQbPOK7zHHXbPt8rX24COqODXeI3sIf0fCXG7H/A=="],

    "@typescript/typescript-netbsd-arm64": ["@typescript/typescript-netbsd-arm64@7.0.2", "", { "os": "none", "cpu": "arm64" }, "sha512-+polYF4MF04aPpO5FTkHran9yUQDSXqy5GiSDKpsll5jy3l3+g9QLhpf39T+ePtefhXLOGrLl0QIjkQP6VnelA=="],

    "@typescript/typescript-netbsd-x64": ["@typescript/typescript-netbsd-x64@7.0.2", "", { "os": "none", "cpu": "x64" }, "sha512-8YIT0EHM/3dq10ZOVF/A7pc/YSMtbcecct4rWtexrnSCHOPcpC2KTLXfTCR6vDpnSiY12heNb1GiN/wu+T/FyA=="],

    "@typescript/typescript-openbsd-arm64": ["@typescript/typescript-openbsd-arm64@7.0.2", "", { "os": "openbsd", "cpu": "arm64" }, "sha512-APT8+ClYnuYm1u9+kgGXoMj2VzWzcymwh2gNSQVySHfkRDGOTVkoWLjCmOQSaO+PoqQ57B0flRp9SA+7GnnkzQ=="],

    "@typescript/typescript-openbsd-x64": ["@typescript/typescript-openbsd-x64@7.0.2", "", { "os": "openbsd", "cpu": "x64" }, "sha512-yX7s+Q0Dln0Dt9tEzZsAjXXR/+ytBM7AlglaqyeMPxQszJ1JhlJdZ6jLA+IzldHtflX81em7lDao1xXu+aRRkg=="],

    "@typescript/typescript-sunos-x64": ["@typescript/typescript-sunos-x64@7.0.2", "", { "os": "sunos", "cpu": "x64" }, "sha512-dLJDGaLZ1D4HPQn62u1n8mBDkJREwMsAkCdkwd4Ieqw+x3TUyTsqY0YiBCtE6H6OzzgGk3iuZ3vFWRS+E8/d1g=="],

    "@typescript/typescript-win32-arm64": ["@typescript/typescript-win32-arm64@7.0.2", "", { "os": "win32", "cpu": "arm64" }, "sha512-Gyl1Vy6OsWesLzmq+EP0Fb7b4Nid5232AvcA2SFcdYreldpNtYFFofPjnt62y9hQy7VTaZp65ICJjuAQRaVcIQ=="],

    "@typescript/typescript-win32-x64": ["@typescript/typescript-win32-x64@7.0.2", "", { "os": "win32", "cpu": "x64" }, "sha512-0BQ3HkAHHlKLSp1qRvf3SUhGpGsDuhB/jgFw75guyqbxJqEaS0Cw/VFO8i2nHglJUzQCRtMMR/IBAKE3ETMC4g=="],

    "ajv": ["ajv@8.18.0", "", { "dependencies": { "fast-deep-equal": "^3.1.3", "fast-uri": "^3.0.1", "json-schema-traverse": "^1.0.0", "require-from-string": "^2.0.2" } }, "sha512-PlXPeEWMXMZ7sPYOHqmDyCJzcfNrUr3fGNKtezX14ykXOEIvyK81d+qydx89KY5O71FKMPaQ2vBfBFI5NHR63A=="],

    "ajv-formats": ["ajv-formats@2.1.1", "", { "dependencies": { "ajv": "^8.0.0" } }, "sha512-Wx0Kx52hxE7C18hkMEggYlEifqWZtYaRgouJor+WMdPnQyEK13vgEWyVNup7SoeeoLMsr4kf5h6dOW11I15MUA=="],

    "ansi-regex": ["ansi-regex@5.0.1", "", {}, "sha512-quJQXlTSUGL2LH9SUXo8VwsY4soanhgo6LNSm84E1LBcE8s3O0wpdiRzyR9z/ZZJMlMWv37qOOb9pdJlMUEKFQ=="],

    "ansi-styles": ["ansi-styles@4.3.0", "", { "dependencies": { "color-convert": "^2.0.1" } }, "sha512-zbB9rCJAT1rbjiVDb2hqKFHNYLxgtk8NURxZ3IZwD3F6NtxbXZQCnnSi1Lkx+IDohdPlFp222wVALIheZJQSEg=="],

    "argparse": ["argparse@2.0.1", "", {}, "sha512-8+9WqebbFzpX9OR+Wa6O29asIogeRMzcGtAINdpMHHyAg10f05aSFVBbcEqGf/PXw1EjAZ+q2/bEBg3DvurK3Q=="],

    "array-ify": ["array-ify@1.0.0", "", {}, "sha512-c5AMf34bKdvPhQ7tBGhqkgKNUzMr4WUs+WDtC2ZUGOUncbxKMTvqxYctiseW3+L4bA8ec+GcZ6/A/FW4m8ukng=="],

    "asap": ["asap@2.0.6", "", {}, "sha512-BSHWgDSAiKs50o2Re8ppvp3seVHXSRM44cdSsT9FfNEUUZLOGWVCsiWaRPWM1Znn+mqZ1OfVZ3z3DWEzSp7hRA=="],

    "callsites": ["callsites@3.1.0", "", {}, "sha512-P8BjAsXvZS+VIDUI11hHCQEv74YT67YUi5JJFNWIqL235sBmjX4+qx9Muvls5ivyNENctx46xQLQ3aTuE7ssaQ=="],

    "cliui": ["cliui@8.0.1", "", { "dependencies": { "string-width": "^4.2.0", "strip-ansi": "^6.0.1", "wrap-ansi": "^7.0.0" } }, "sha512-BSeNnyus75C4//NQ9gQt1/csTXyo/8Sb+afLAkzAptFuMsod9HFokGNudZpi/oQV73hnVK+sR+5PVRMd+Dr7YQ=="],

    "color-convert": ["color-convert@2.0.1", "", { "dependencies": { "color-name": "~1.1.4" } }, "sha512-RRECPsj7iu/xb5oKYcsFHSppFNnsj/52OVTRKb4zP5onXwVF3zVmmToNcOfGC+CRDpfK/U584fMg38ZHCaElKQ=="],

    "color-name": ["color-name@1.1.4", "", {}, "sha512-dOy+3AuW3a2wNbZHIuMZpTcgjGuLU/uBL/ubcZF9OXbDo8ff4O8yVp5Bf0efS8uEoYo5q4Fx7dY9OgQGXgAsQA=="],

    "compare-func": ["compare-func@2.0.0", "", { "dependencies": { "array-ify": "^1.0.0", "dot-prop": "^5.1.0" } }, "sha512-zHig5N+tPWARooBnb0Zx1MFcdfpyJrfTJ3Y5L+IFvUm8rM74hHz66z0gw0x4tijh5CorKkKUCnW82R2vmpeCRA=="],

    "conventional-changelog-angular": ["conventional-changelog-angular@8.3.1", "", { "dependencies": { "compare-func": "^2.0.0" } }, "sha512-6gfI3otXK5Ph5DfCOI1dblr+kN3FAm5a97hYoQkqNZxOaYa5WKfXH+AnpsmS+iUH2mgVC2Cg2Qw9m5OKcmNrIg=="],

    "conventional-commits-parser": ["conventional-commits-parser@6.4.0", "", { "dependencies": { "@simple-libs/stream-utils": "^1.2.0", "meow": "^13.0.0" }, "bin": { "conventional-commits-parser": "dist/cli/index.js" } }, "sha512-tvRg7FIBNlyPzjdG8wWRlPHQJJHI7DylhtRGeU9Lq+JuoPh5BKpPRX83ZdLrvXuOSu5Eo/e7SzOQhU4Hd2Miuw=="],

    "cosmiconfig": ["cosmiconfig@9.0.1", "", { "dependencies": { "env-paths": "^2.2.1", "import-fresh": "^3.3.0", "js-yaml": "^4.1.0", "parse-json": "^5.2.0" }, "peerDependencies": { "typescript": ">=4.9.5" }, "optionalPeers": ["typescript"] }, "sha512-hr4ihw+DBqcvrsEDioRO31Z17x71pUYoNe/4h6Z0wB72p7MU7/9gH8Q3s12NFhHPfYBBOV3qyfUxmr/Yn3shnQ=="],

    "cosmiconfig-typescript-loader": ["cosmiconfig-typescript-loader@6.2.0", "", { "dependencies": { "jiti": "^2.6.1" }, "peerDependencies": { "@types/node": "*", "cosmiconfig": ">=9", "typescript": ">=5" } }, "sha512-GEN39v7TgdxgIoNcdkRE3uiAzQt3UXLyHbRHD6YoL048XAeOomyxaP+Hh/+2C6C2wYjxJ2onhJcsQp+L4YEkVQ=="],

    "dequal": ["dequal@2.0.3", "", {}, "sha512-0je+qPKHEMohvfRTCEo3CrPG6cAzAYgmzKyxRiYSSDkS6eGJdyVJm7WaYA5ECaAD9wLB2T4EEeymA5aFVcYXCA=="],

    "dezalgo": ["dezalgo@1.0.4", "", { "dependencies": { "asap": "^2.0.0", "wrappy": "1" } }, "sha512-rXSP0bf+5n0Qonsb+SVVfNfIsimO4HEtmnIpPHY8Q1UCzKlQrDMfdobr8nJOOsRgWCyMRqeSBQzmWUMq7zvVig=="],

    "dot-prop": ["dot-prop@5.3.0", "", { "dependencies": { "is-obj": "^2.0.0" } }, "sha512-QM8q3zDe58hqUqjraQOmzZ1LIH9SWQJTlEKCH4kJ2oQvLZk7RbQXvtDM2XEq3fwkV9CCvvH4LA0AV+ogFsBM2Q=="],

    "emoji-regex": ["emoji-regex@8.0.0", "", {}, "sha512-MSjYzcWNOA0ewAHpz0MxpYFvwg6yjy1NG3xteoqz644VCo/RPgnr1/GGt+ic3iJTzQ8Eu3TdM14SawnVUmGE6A=="],

    "env-paths": ["env-paths@2.2.1", "", {}, "sha512-+h1lkLKhZMTYjog1VEpJNG7NZJWcuc2DDk/qsqSTRRCOXiLjeQ1d1/udrUGhqMxUgAlwKNZ0cf2uqan5GLuS2A=="],

    "error-ex": ["error-ex@1.3.4", "", { "dependencies": { "is-arrayish": "^0.2.1" } }, "sha512-sqQamAnR14VgCr1A618A3sGrygcpK+HEbenA/HiEAkkUwcZIIB/tgWqHFxWgOyDh4nB4JCRimh79dR5Ywc9MDQ=="],

    "escalade": ["escalade@3.2.0", "", {}, "sha512-WUj2qlxaQtO4g6Pq5c29GTcWGDyd8itL8zTlipgECz3JesAiiOKotd8JU6otB3PACgG6xkJUyVhboMS+bje/jA=="],

    "fast-decode-uri-component": ["fast-decode-uri-component@1.0.1", "", {}, "sha512-WKgKWg5eUxvRZGwW8FvfbaH7AXSh2cL+3j5fMGzUMCxWBJ3dV3a7Wz8y2f/uQ0e3B6WmodD3oS54jTQ9HVTIIg=="],

    "fast-deep-equal": ["fast-deep-equal@3.1.3", "", {}, "sha512-f3qQ9oQy9j2AhBe/H9VC91wLmKBCCU/gDOnKNAYG5hswO7BLKj09Hc5HYNz9cGI++xlpDCIgDaitVs03ATR84Q=="],

    "fast-json-stringify": ["fast-json-stringify@7.0.1", "", { "dependencies": { "@fastify/merge-json-schemas": "^0.2.0", "ajv": "^8.12.0", "ajv-formats": "^3.0.1", "fast-uri": "^4.0.0", "json-schema-ref-resolver": "^3.0.0", "rfdc": "^1.2.0" } }, "sha512-eRSayARSbbwlBjpP4vnTTIRD5QPcIrmihPxDeN1DtKnHPg66UuJLx+8hlK1kaFdjvzyQ/dzALoi4vwAQ+T+iZA=="],

    "fast-query-parse": ["fast-query-parse@2.0.4", "", { "dependencies": { "fast-decode-uri-component": "^1.0.1" } }, "sha512-fTBe7ETP/wLLhUTx44k247fxo8zu7Z/lOUXx7yXNDIlyiPINy6OI1Lrzf1++KIp3zxaOaWsyW+5acP/+O/iqkQ=="],

    "fast-uri": ["fast-uri@3.1.8", "", {}, "sha512-GZMtZUTNRpOVIECoXwLNZS5xUGE+mVNbTB8h/7Rwh2TFWcBQiPzTgyZi05BF9UMZKkLJv8XBRJTlU7zg8+ZfMg=="],

    "formidable": ["formidable@3.5.4", "", { "dependencies": { "@paralleldrive/cuid2": "^2.2.2", "dezalgo": "^1.0.4", "once": "^1.4.0" } }, "sha512-YikH+7CUTOtP44ZTnUhR7Ic2UASBPOqmaRkRKxRbywPTe5VxF7RRCck4af9wutiZ/QKM5nME9Bie2fFaPz5Gug=="],

    "generate-function": ["generate-function@2.3.1", "", { "dependencies": { "is-property": "^1.0.2" } }, "sha512-eeB5GfMNeevm/GRYq20ShmsaGcmI81kIX2K9XQx5miC8KdHaC6Jm0qQ8ZNeGOi7wYB8OsdxKs+Y2oVuTFuVwKQ=="],

    "get-caller-file": ["get-caller-file@2.0.5", "", {}, "sha512-DyFP3BM/3YHTQOCUL/w0OZHR0lpKeGrxotcHWcqNEdnltqFwXVfhEBQ94eIo34AfQpo0rGki4cyIiftY06h2Fg=="],

    "getdirname": ["getdirname@0.1.6", "", {}, "sha512-qknuIRQBcPK4O92oUXauBTF55PRz0NI7E/3pyjmr5HbIroDlG36MPleMFuQgknmTsMwM4gXLTyqJ2Y5DP8oLjQ=="],

    "git-raw-commits": ["git-raw-commits@5.0.1", "", { "dependencies": { "@conventional-changelog/git-client": "^2.6.0", "meow": "^13.0.0" }, "bin": { "git-raw-commits": "src/cli.js" } }, "sha512-Y+csSm2GD/PCSh6Isd/WiMjNAydu0VBiG9J7EdQsNA5P9uXvLayqjmTsNlK5Gs9IhblFZqOU0yid5Il5JPoLiQ=="],

    "global-directory": ["global-directory@4.0.1", "", { "dependencies": { "ini": "4.1.1" } }, "sha512-wHTUcDUoZ1H5/0iVqEudYW4/kAlN5cZ3j/bXn0Dpbizl9iaUVeWSHqiOjsgk6OW2bkLclbBjzewBz6weQ1zA2Q=="],

    "graphql": ["graphql@16.13.2", "", {}, "sha512-5bJ+nf/UCpAjHM8i06fl7eLyVC9iuNAjm9qzkiu2ZGhM0VscSvS6WDPfAwkdkBuoXGM9FJSbKl6wylMwP9Ktig=="],

    "graphql-jit": ["graphql-jit@0.8.7", "", { "dependencies": { "@graphql-typed-document-node/core": "^3.2.0", "fast-json-stringify": "^5.16.1", "generate-function": "^2.3.1", "lodash.memoize": "^4.1.2", "lodash.merge": "4.6.2", "lodash.mergewith": "4.6.2" }, "peerDependencies": { "graphql": ">=15" } }, "sha512-KGzCrsxQPfEiXOUIJCexWKiWF6ycjO89kAO6SdO8OWRGwYXbG0hsLuTnbFfMq0gj7d7/ib/Gh7jtst7FHZEEjw=="],

    "import-fresh": ["import-fresh@3.3.1", "", { "dependencies": { "parent-module": "^1.0.0", "resolve-from": "^4.0.0" } }, "sha512-TR3KfrTZTYLPB6jUjfx6MF9WcWrHL9su5TObK4ZkYgBdWKPOFoSoQIdEuTuR82pmtxH2spWG9h6etwfr1pLBqQ=="],

    "import-meta-resolve": ["import-meta-resolve@4.2.0", "", {}, "sha512-Iqv2fzaTQN28s/FwZAoFq0ZSs/7hMAHJVX+w8PZl3cY19Pxk6jFFalxQoIfW2826i/fDLXv8IiEZRIT0lDuWcg=="],

    "ini": ["ini@4.1.1", "", {}, "sha512-QQnnxNyfvmHFIsj7gkPcYymR8Jdw/o7mp5ZFihxn6h8Ci6fh3Dx4E1gPjpQEpIuPo9XVNY/ZUwh4BPMjGyL01g=="],

    "is-arrayish": ["is-arrayish@0.2.1", "", {}, "sha512-zz06S8t0ozoDXMG+ube26zeCTNXcKIPJZJi8hBrF4idCLms4CG9QtK7qBl1boi5ODzFpjswb5JPmHCbMpjaYzg=="],

    "is-fullwidth-code-point": ["is-fullwidth-code-point@3.0.0", "", {}, "sha512-zymm5+u+sCsSWyD9qNaejV3DFvhCKclKdizYaJUuHA83RLjb7nSuGnddCHGv0hk+KY7BMAlsWeK4Ueg6EV6XQg=="],

    "is-obj": ["is-obj@2.0.0", "", {}, "sha512-drqDG3cbczxxEJRoOXcOjtdp1J/lyp1mNn0xaznRs8+muBhgQcrnbspox5X5fOw0HnMnbfDzvnEMEtqDEJEo8w=="],

    "is-plain-obj": ["is-plain-obj@4.1.0", "", {}, "sha512-+Pgi+vMuUNkJyExiMBt5IlFoMyKnr5zhJ4Uspz58WOhBF5QoIZkFyNHIbBAtHwzVAgk5RtndVNsDRN61/mmDqg=="],

    "is-property": ["is-property@1.0.2", "", {}, "sha512-Ks/IoX00TtClbGQr4TWXemAnktAQvYB7HzcCxDGqEZU6oCmb2INHuOoKxbtR+HFkmYWBKv/dOZtGRiAjDhj92g=="],

    "jiti": ["jiti@2.6.1", "", { "bin": { "jiti": "lib/jiti-cli.mjs" } }, "sha512-ekilCSN1jwRvIbgeg/57YFh8qQDNbwDb9xT/qu2DAHbFFZUicIl4ygVaAvzveMhMVr3LnpSKTNnwt8PoOfmKhQ=="],

    "js-tokens": ["js-tokens@4.0.0", "", {}, "sha512-RdJUflcE3cUzKiMqQgsCu06FPu9UdIJO0beYbPhHN4k6apgJtifcoCtT9bcxOpYBtpD2kCM6Sbzg4CausW/PKQ=="],

    "js-yaml": ["js-yaml@4.3.2", "", { "dependencies": { "argparse": "^2.0.1" }, "bin": { "js-yaml": "bin/js-yaml.js" } }, "sha512-SFNOvSJ+Dgf/9An904Yx+CgSlIPCkIpao4qo51lpee25TIRejdH3rhR4EZMGoNx3/TP3O+wzWuiTFl4sqbltzA=="],

    "json-parse-even-better-errors": ["json-parse-even-better-errors@2.3.1", "", {}, "sha512-xyFwyhro/JEof6Ghe2iz2NcXoj2sloNsWr/XsERDK/oiPCfaNhl5ONfp+jQdAZRQQ0IJWNzH9zIZF7li91kh2w=="],

    "json-schema-ref-resolver": ["json-schema-ref-resolver@3.0.0", "", { "dependencies": { "dequal": "^2.0.3" } }, "sha512-hOrZIVL5jyYFjzk7+y7n5JDzGlU8rfWDuYyHwGa2WA8/pcmMHezp2xsVwxrebD/Q9t8Nc5DboieySDpCp4WG4A=="],

    "json-schema-traverse": ["json-schema-traverse@1.0.0", "", {}, "sha512-NM8/P9n3XjXhIZn1lLhkFaACTOURQXjWhV4BA/RnOv8xvgqtqpAX9IO4mRQxSx1Rlo4tqzeqb0sOlruaOy3dug=="],

    "lefthook": ["lefthook@2.1.15", "", { "optionalDependencies": { "lefthook-darwin-arm64": "2.1.15", "lefthook-darwin-x64": "2.1.15", "lefthook-freebsd-arm64": "2.1.15", "lefthook-freebsd-x64": "2.1.15", "lefthook-linux-arm64": "2.1.15", "lefthook-linux-x64": "2.1.15", "lefthook-openbsd-arm64": "2.1.15", "lefthook-openbsd-x64": "2.1.15", "lefthook-windows-arm64": "2.1.15", "lefthook-windows-x64": "2.1.15" }, "bin": { "lefthook": "bin/index.js" } }, "sha512-l/BSlOZBou3zLDuSIV8V+kbNyC6UiFCACVHu8dVUCDxH5+8qZXmJr8iROruI/7hv6W7c3sVlVT+6+BpVhGZRmA=="],

    "lefthook-darwin-arm64": ["lefthook-darwin-arm64@2.1.15", "", { "os": "darwin", "cpu": "arm64" }, "sha512-6sNtlNsoeahxZySHbMMijFS8qB5nxZjMohO5t9x4UoM03sKAwXL++vR196mKOF942YdvkuDrwd+qyxfAU6QmWg=="],

    "lefthook-darwin-x64": ["lefthook-darwin-x64@2.1.15", "", { "os": "darwin", "cpu": "x64" }, "sha512-B2upzVBV/9adKe0fGUO4JCrgx/iKx3qC6PQ2N3Qrok9yL5wDx+AZ6L5GNNgAKUbUWP6XZywyZZ/DFTPLOGxA/Q=="],

    "lefthook-freebsd-arm64": ["lefthook-freebsd-arm64@2.1.15", "", { "os": "freebsd", "cpu": "arm64" }, "sha512-7PbO32jhKKHqRdD6DIucmQrZ5nHlXwhxHdqy6CxTH2wNNPlvjXPrMqb6W0SpHuOLS0dWdz77ZVJsOvwfH139AA=="],

    "lefthook-freebsd-x64": ["lefthook-freebsd-x64@2.1.15", "", { "os": "freebsd", "cpu": "x64" }, "sha512-0XEgTQomWVV/uw4v5A/OMSfRk/9MRu3OBgTX1xF2QvUrb+fCEglkrJW299vSqndKn53MkUtyoIntz0ajw4PJlA=="],

    "lefthook-linux-arm64": ["lefthook-linux-arm64@2.1.15", "", { "os": "linux", "cpu": "arm64" }, "sha512-HfgGoLtzqop68Zo9FDdP7rozFc+hv3xf2s4fWsyH50SbQLNgoKz/9vsneZG7n8bQ5YYGR/up0H9D8WQ7pou01g=="],

    "lefthook-linux-x64": ["lefthook-linux-x64@2.1.15", "", { "os": "linux", "cpu": "x64" }, "sha512-oyhZn6koNmXvSlSQXeTL1Zmxmlp1ysInjZCETwfAhjGb5r42HX2coaPzO0e6dvoP6bqEO8cyWoqqj+FYVz9nig=="],

    "lefthook-openbsd-arm64": ["lefthook-openbsd-arm64@2.1.15", "", { "os": "openbsd", "cpu": "arm64" }, "sha512-/hF3ap8CUqD2whU127pesD0x0CLOymDmtR5NR5jbNrT/BryjxlL6YL7HL3KB1Xz3MZwBqYeLIceqFE9/Gc53xQ=="],

    "lefthook-openbsd-x64": ["lefthook-openbsd-x64@2.1.15", "", { "os": "openbsd", "cpu": "x64" }, "sha512-IljStK5gOS8oQPxCsHNDoHeD8vSCDHFuHWtJfRbYWVtNMEA9/2shtIKHswFWQBAxltgt4/i/lN86rErKdDoIug=="],

    "lefthook-windows-arm64": ["lefthook-windows-arm64@2.1.15", "", { "os": "win32", "cpu": "arm64" }, "sha512-S1HIhsM0RZua8fQlHzXFrF0CpA/eo2/UYVUAqU+pJ/3IBAq0ZpWG4ZzfrQiSSBbcG9LB4tJgqiJVtumQKO+ZgA=="],

    "lefthook-windows-x64": ["lefthook-windows-x64@2.1.15", "", { "os": "win32", "cpu": "x64" }, "sha512-cp4ZhMYpX9khKw+fu0JEskq0Aeo1csREkb4WTMmJaEL7KTt+Lpp5zzSPPa8NGtpcQSKUo+ZXYrtqzpxYpPdt0g=="],

    "lines-and-columns": ["lines-and-columns@1.2.4", "", {}, "sha512-7ylylesZQ/PV29jhEDl3Ufjo6ZX7gCqJr5F7PKrqc93v7fzSymt1BpwEU8nAUXs8qzzvqhbjhK5QZg6Mt/HkBg=="],

    "lodash.camelcase": ["lodash.camelcase@4.3.0", "", {}, "sha512-TwuEnCnxbc3rAvhf/LbG7tJUDzhqXyFnv3dtzLOPgCG/hODL7WFnsbwktkD7yUV0RrreP/l1PALq/YSg6VvjlA=="],

    "lodash.kebabcase": ["lodash.kebabcase@4.1.1", "", {}, "sha512-N8XRTIMMqqDgSy4VLKPnJ/+hpGZN+PHQiJnSenYqPaVV/NCqEogTnAdZLQiGKhxX+JCs8waWq2t1XHWKOmlY8g=="],

    "lodash.memoize": ["lodash.memoize@4.1.2", "", {}, "sha512-t7j+NzmgnQzTAYXcsHYLgimltOV1MXHtlOWf6GjL9Kj8GK5FInw5JotxvbOs+IvV1/Dzo04/fCGfLVs7aXb4Ag=="],

    "lodash.merge": ["lodash.merge@4.6.2", "", {}, "sha512-0KpjqXRVvrYyCsX1swR/XTK0va6VQkQM6MNo7PqW77ByjAhoARA8EfrP1N4+KlKj8YS0ZUCtRT/YUuhyYDujIQ=="],

    "lodash.mergewith": ["lodash.mergewith@4.6.2", "", {}, "sha512-GK3g5RPZWTRSeLSpgP8Xhra+pnjBC56q9FZYe1d5RN3TJ35dbkGy3YqBSMbyCrlbi+CM9Z3Jk5yTL7RCsqboyQ=="],

    "lodash.omit": ["lodash.omit@4.18.0", "", {}, "sha512-hZXIupXdHtocTnvIJ2aCd2vxKYtxex6gbiGuPvgBRnFQO9yu3AtmDAbVuCXcSsQx3INo/1g71OktlFFA/ES8Xg=="],

    "lodash.snakecase": ["lodash.snakecase@4.1.1", "", {}, "sha512-QZ1d4xoBHYUeuouhEq3lk3Uq7ldgyFXGBhg04+oRLnIz8o9T65Eh+8YdroUwn846zchkA9yDsDl5CVVaV2nqYw=="],

    "lodash.startcase": ["lodash.startcase@4.4.0", "", {}, "sha512-+WKqsK294HMSc2jEbNgpHpd0JfIBhp7rEV4aqXWqFr6AlXov+SlcgB1Fv01y2kGe3Gc8nMW7VA0SrGuSkRfIEg=="],

    "lodash.upperfirst": ["lodash.upperfirst@4.3.1", "", {}, "sha512-sReKOYJIJf74dhJONhU4e0/shzi1trVbSWDOhKYE5XV2O+H7Sb2Dihwuc7xWxVl+DgFPyTqIN3zMfT9cq5iWDg=="],

    "meow": ["meow@13.2.0", "", {}, "sha512-pxQJQzB6djGPXh08dacEloMFopsOqGVRKFPYvPOt9XDZ1HasbgDZA74CJGreSU4G3Ak7EFJGoiH2auq+yXISgA=="],

    "minimist": ["minimist@1.2.8", "", {}, "sha512-2yyAR8qBkN3YuheJanUpWC5U3bb5osDywNB8RzDVlDwDHbocAJveqqj1u8+SVD7jkWT4yvsHCpWqqWqAxb0zCA=="],

    "once": ["once@1.4.0", "", { "dependencies": { "wrappy": "1" } }, "sha512-lNaJgI+2Q5URQBkccEKHTQOPaXdUxnZZElQTZY0MFUAuaEqe1E+Nyvgdz/aIyNi6Z9MzO5dv1H8n58/GELp3+w=="],

    "oxlint": ["oxlint@1.86.0", "", { "optionalDependencies": { "@oxlint/binding-android-arm-eabi": "1.86.0", "@oxlint/binding-android-arm64": "1.86.0", "@oxlint/binding-darwin-arm64": "1.86.0", "@oxlint/binding-darwin-x64": "1.86.0", "@oxlint/binding-freebsd-x64": "1.86.0", "@oxlint/binding-linux-arm-gnueabihf": "1.86.0", "@oxlint/binding-linux-arm-musleabihf": "1.86.0", "@oxlint/binding-linux-arm64-gnu": "1.86.0", "@oxlint/binding-linux-arm64-musl": "1.86.0", "@oxlint/binding-linux-ppc64-gnu": "1.86.0", "@oxlint/binding-linux-riscv64-gnu": "1.86.0", "@oxlint/binding-linux-riscv64-musl": "1.86.0", "@oxlint/binding-linux-s390x-gnu": "1.86.0", "@oxlint/binding-linux-x64-gnu": "1.86.0", "@oxlint/binding-linux-x64-musl": "1.86.0", "@oxlint/binding-openharmony-arm64": "1.86.0", "@oxlint/binding-win32-arm64-msvc": "1.86.0", "@oxlint/binding-win32-ia32-msvc": "1.86.0", "@oxlint/binding-win32-x64-msvc": "1.86.0" }, "peerDependencies": { "oxlint-tsgolint": ">=7.0.2003", "vite-plus": "*" }, "optionalPeers": ["oxlint-tsgolint", "vite-plus"], "bin": { "oxlint": "bin/oxlint" } }, "sha512-og0lhgvZfgGF//gOOmZXvtr+GmBbAGEnbEhv/QUg7UW2Wi4wHMnJbnMD+zuHgPdJxdklfgpPupdlAaAySyxrZg=="],

    "parent-module": ["parent-module@1.0.1", "", { "dependencies": { "callsites": "^3.0.0" } }, "sha512-GQ2EWRpQV8/o+Aw8YqtfZZPfNRWZYkbidE9k5rpl/hC3vtHHBfGm2Ifi6qWV+coDGkrUKZAxE3Lot5kcsRlh+g=="],

    "parse-json": ["parse-json@5.2.0", "", { "dependencies": { "@babel/code-frame": "^7.0.0", "error-ex": "^1.3.1", "json-parse-even-better-errors": "^2.3.0", "lines-and-columns": "^1.1.6" } }, "sha512-ayCKvm/phCGxOkYRSCM82iDwct8/EonSEgCSxWxD7ve6jHggsFl4fZVQBPRNgQoKiuV/odhFrGzQXZwbifC8Rg=="],

    "passport": ["passport@0.6.0", "", { "dependencies": { "passport-strategy": "1.x.x", "pause": "0.0.1", "utils-merge": "^1.0.1" } }, "sha512-0fe+p3ZnrWRW74fe8+SvCyf4a3Pb2/h7gFkQ8yTJpAO50gDzlfjZUZTO1k5Eg9kUct22OxHLqDZoKUWRHOh9ug=="],

    "passport-strategy": ["passport-strategy@1.0.0", "", {}, "sha512-CB97UUvDKJde2V0KDWWB3lyf6PC3FaZP7YxZ2G8OAtn9p4HI9j9JLP9qjOGZFvyl8uwNT8qM+hGnz/n16NI7oA=="],

    "pause": ["pause@0.0.1", "", {}, "sha512-KG8UEiEVkR3wGEb4m5yZkVCzigAD+cVEJck2CzYZO37ZGJfctvVptVO192MwrtPhzONn6go8ylnOdMhKqi4nfg=="],

    "picocolors": ["picocolors@1.1.1", "", {}, "sha512-xceH2snhtb5M9liqDsmEw56le376mTZkEX/jEb/RxNFyegNul7eNslCXP9FDj/Lcu0X8KEyMceP2ntpaHrDEVA=="],

    "release-me-sh": ["release-me-sh@0.12.0", "", { "bin": { "release-me": "release.sh", "release-me-sh": "release.sh" } }, "sha512-SAIYYmLJCcFlLZUHYjUxdH00t+yTBTiw2Z39PCVyspgn9neG//2/cdNFsa0BUFRLZCS6bVlfF/akWVrzPUiYVg=="],

    "require-directory": ["require-directory@2.1.1", "", {}, "sha512-fGxEI7+wsG9xrvdjsrlmL22OMTTiHRwAMroiEeMgq8gzoLC/PQr7RsRDSTLUg/bZAZtF+TVIkHc6/4RIKrui+Q=="],

    "require-from-string": ["require-from-string@2.0.2", "", {}, "sha512-Xf0nWe6RseziFMu+Ap9biiUbmplq6S9/p+7w7YXP/JBHhrUDDUhwa+vANyubuqfZWTveU//DYVGsDG7RKL/vEw=="],

    "resolve-from": ["resolve-from@5.0.0", "", {}, "sha512-qYg9KP24dD5qka9J47d0aVky0N+b4fTU89LN9iDnjB5waksiC49rvMB0PrUJQGoTmH50XPiqOvAjDfaijGxYZw=="],

    "rfdc": ["rfdc@1.4.1", "", {}, "sha512-q1b3N5QkRUWUl7iyylaaj3kOpIT0N2i9MqIEQXP73GVsN9cw3fdx8X63cEmWhJGi2PPCF23Ijp7ktmd39rawIA=="],

    "rumdl": ["rumdl@0.2.78", "", { "optionalDependencies": { "@rumdl/cli-darwin-arm64": "0.2.78", "@rumdl/cli-darwin-x64": "0.2.78", "@rumdl/cli-linux-arm64": "0.2.78", "@rumdl/cli-linux-arm64-musl": "0.2.78", "@rumdl/cli-linux-x64": "0.2.78", "@rumdl/cli-linux-x64-musl": "0.2.78", "@rumdl/cli-win32-x64": "0.2.78" }, "bin": { "rumdl": "bin/rumdl" } }, "sha512-nm40qNFQnrpYiLetMrsq14qaItqKT7cUoi7wtlTtx0n/3xWn6a7/ZwkgChvBbfP24cZQYz1n5IJ+DBPIrQQfFQ=="],

    "semver": ["semver@7.7.4", "", { "bin": { "semver": "bin/semver.js" } }, "sha512-vFKC2IEtQnVhpT78h1Yp8wzwrf8CM+MzKMHGJZfBtzhZNycRFnXsHk6E5TxIkkMsgNS7mdX3AGB7x2QM2di4lA=="],

    "string-width": ["string-width@4.2.3", "", { "dependencies": { "emoji-regex": "^8.0.0", "is-fullwidth-code-point": "^3.0.0", "strip-ansi": "^6.0.1" } }, "sha512-wKyQRQpjJ0sIp62ErSZdGsjMJWsap5oRNihHhu6G7JVO/9jIB6UyevL+tXuOqrng8j/cxKTWyWUwvSTriiZz/g=="],

    "strip-ansi": ["strip-ansi@6.0.1", "", { "dependencies": { "ansi-regex": "^5.0.1" } }, "sha512-Y38VPSHcqkFrCpFnQ9vuSXmquuv5oXOKpGeT6aGrr3o3Gc9AlVa6JBfUSOCnbxGGZF+/0ooI7KrPuUSztUdU5A=="],

    "swagger-ui-dist": ["swagger-ui-dist@4.19.1", "", {}, "sha512-n/gFn+R7G/BXWwl5UZLw6F1YgWOlf3zkwGlsPhTMhNtAAolBGKg0JS5b2RKt5NI6/hSopVaSrki2wTIMUDDy2w=="],

    "tinyexec": ["tinyexec@1.0.4", "", {}, "sha512-u9r3uZC0bdpGOXtlxUIdwf9pkmvhqJdrVCH9fapQtgy/OeTTMZ1nqH7agtvEfmGui6e1XxjcdrlxvxJvc3sMqw=="],

    "typescript": ["typescript@7.0.2", "", { "optionalDependencies": { "@typescript/typescript-aix-ppc64": "7.0.2", "@typescript/typescript-darwin-arm64": "7.0.2", "@typescript/typescript-darwin-x64": "7.0.2", "@typescript/typescript-freebsd-arm64": "7.0.2", "@typescript/typescript-freebsd-x64": "7.0.2", "@typescript/typescript-linux-arm": "7.0.2", "@typescript/typescript-linux-arm64": "7.0.2", "@typescript/typescript-linux-loong64": "7.0.2", "@typescript/typescript-linux-mips64el": "7.0.2", "@typescript/typescript-linux-ppc64": "7.0.2", "@typescript/typescript-linux-riscv64": "7.0.2", "@typescript/typescript-linux-s390x": "7.0.2", "@typescript/typescript-linux-x64": "7.0.2", "@typescript/typescript-netbsd-arm64": "7.0.2", "@typescript/typescript-netbsd-x64": "7.0.2", "@typescript/typescript-openbsd-arm64": "7.0.2", "@typescript/typescript-openbsd-x64": "7.0.2", "@typescript/typescript-sunos-x64": "7.0.2", "@typescript/typescript-win32-arm64": "7.0.2", "@typescript/typescript-win32-x64": "7.0.2" }, "bin": { "tsc": "bin/tsc" } }, "sha512-8FYau96o3NKOhbjKi/qNvG/W5jhzxkbdm5sj9AbZ/5T5sWqn3hJgLfGx27sRKZWTvyzCP8dLRBTf5tBTSRVUNA=="],

    "uWebSockets.js": ["uWebSockets.js@https://github.com/uNetworking/uWebSockets.js/archive/v19.5.0.tar.gz", {}, "sha512-9iikAt7sP6f0NSi7iqZ3lUC0M87Cm7L1d3pOgDerfXSDrb25/fzd8135rZ921Y4phRegrVpffFLpDR0YwnwUZA=="],

    "undici-types": ["undici-types@7.18.2", "", {}, "sha512-AsuCzffGHJybSaRrmr5eHr81mwJU3kjw6M+uprWvCXiNeN9SOGwQ3Jn8jb8m3Z6izVgknn1R0FTCEAP2QrLY/w=="],

    "utils-merge": ["utils-merge@1.0.1", "", {}, "sha512-pMZTvIkT1d+TFGvDOqodOclx0QWkkgi6Tdoa8gC8ffGAAqz9pzPTZWAybbsHHoED/ztMtkv/VoYTYyShUn81hA=="],

    "wrap-ansi": ["wrap-ansi@7.0.0", "", { "dependencies": { "ansi-styles": "^4.0.0", "string-width": "^4.1.0", "strip-ansi": "^6.0.0" } }, "sha512-YVGIj2kamLSTxw6NsZjoBxfSwsn0ycdesmc4p+Q21c5zPuZ1pl+NfxVdxPtdHvmNVOQ6XSYG4AUtyt/Fi7D16Q=="],

    "wrappy": ["wrappy@1.0.2", "", {}, "sha512-l4Sp/DRseor9wL6EvV2+TuQn63dMkPjZ/sp9XkghTEbV9KlPS1xUsZ3u7/IQO4wxtcFB4bgpQPRcR3QCvezPcQ=="],

    "y18n": ["y18n@5.0.8", "", {}, "sha512-0pfFzegeDWJHJIAmTLRP2DwHjdF5s7jo9tuztdQxAhINCdvS+3nGINqPd00AphqJR/0LhANUS6/+7SCb98YOfA=="],

    "yargs": ["yargs@17.7.2", "", { "dependencies": { "cliui": "^8.0.1", "escalade": "^3.1.1", "get-caller-file": "^2.0.5", "require-directory": "^2.1.1", "string-width": "^4.2.3", "y18n": "^5.0.5", "yargs-parser": "^21.1.1" } }, "sha512-7dSzzRQ++CKnNI/krKnYRV7JKKPUXMEh61soaHKg9mrWEhzFWhFnxPxGl+69cD1Ou63C13NUPCnmIcrvqCuM6w=="],

    "yargs-parser": ["yargs-parser@21.1.1", "", {}, "sha512-tVpsJW7DdjecAiFpbIB1e3qxIQsE6NoPc5/eTdrbbIC4h0LVsWhnoa3g+m2HclBIujHzsxZ4VJVA+GUuc2/LBw=="],

    "@nanoexpress/middleware-schemator/@nanoexpress/middleware-static-serve": ["@nanoexpress/middleware-static-serve@1.0.4", "", {}, "sha512-OpgV1F+0KQlePMwUevrgjWO5By4oYMQ0FOnvE+XBM744ikRTtzvonMVq3MTn+y7VfQlVB89ZXL/V829cyVaNhg=="],

    "fast-json-stringify/ajv-formats": ["ajv-formats@3.0.1", "", { "dependencies": { "ajv": "^8.0.0" } }, "sha512-8iUql50EUR+uUcdRQ3HDqa6EVyo3docL8g5WJ3FNcWmu62IbkGUue/pEyLBW8VGKKucTPgqeks4fIU1DA4yowQ=="],

    "fast-json-stringify/fast-uri": ["fast-uri@4.2.1", "", {}, "sha512-TmHQgewjHtMq1E5QKA0tOE0yeYGQs25KZC/ziJpubRtWI15W92e6vPFydWOeZBVROSHBYw/QhD9d5OefdD6LDg=="],

    "graphql-jit/fast-json-stringify": ["fast-json-stringify@5.16.1", "", { "dependencies": { "@fastify/merge-json-schemas": "^0.1.0", "ajv": "^8.10.0", "ajv-formats": "^3.0.1", "fast-deep-equal": "^3.1.3", "fast-uri": "^2.1.0", "json-schema-ref-resolver": "^1.0.1", "rfdc": "^1.2.0" } }, "sha512-KAdnLvy1yu/XrRtP+LJnxbBGrhN+xXu+gt3EUvZhYGKCr3lFHq/7UFJHHFgmJKoqlh6B40bZLEv7w46B0mqn1g=="],

    "import-fresh/resolve-from": ["resolve-from@4.0.0", "", {}, "sha512-pb/MYmXstAkysRFx8piNI1tGFNQIFA3vkE3Gq4EuA1dF6gHp/+vgZqsCGJapvy8N3Q+4o7FwvquPJcnZ7RYy4g=="],

    "graphql-jit/fast-json-stringify/@fastify/merge-json-schemas": ["@fastify/merge-json-schemas@0.1.1", "", { "dependencies": { "fast-deep-equal": "^3.1.3" } }, "sha512-fERDVz7topgNjtXsJTTW1JKLy0rhuLRcquYqNR9rF7OcVpCa2OVW49ZPDIhaRRCaUuvVxI+N416xUoF76HNSXA=="],

    "graphql-jit/fast-json-stringify/ajv-formats": ["ajv-formats@3.0.1", "", { "dependencies": { "ajv": "^8.0.0" } }, "sha512-8iUql50EUR+uUcdRQ3HDqa6EVyo3docL8g5WJ3FNcWmu62IbkGUue/pEyLBW8VGKKucTPgqeks4fIU1DA4yowQ=="],

    "graphql-jit/fast-json-stringify/fast-uri": ["fast-uri@2.4.7", "", {}, "sha512-b8mggfg2R+m2OAb3Z+2HcJxUgU+2cY1JQondBDyXLdrEKNPxd96MvnB5yWKZdupsuX6GdBaAZHZo9msHX/Bb7A=="],

    "graphql-jit/fast-json-stringify/json-schema-ref-resolver": ["json-schema-ref-resolver@1.0.1", "", { "dependencies": { "fast-deep-equal": "^3.1.3" } }, "sha512-EJAj1pgHc1hxF6vo2Z3s69fMjO1INq6eGHXZ8Z6wCQeldCuwxGK9Sxf4/cScGn3FZubCVUehfWtcDM/PLteCQw=="],
  }
}
